lockfileVersion: '9.0'

settings:
  autoInstallPeers: true
  excludeLinksFromLockfile: false

importers:

  .:
    dependencies:
      '@aws-sdk/client-dynamodb':
        specifier: ^3.648.0
        version: 3.648.0
    devDependencies:
      nodemon:
        specifier: ^3.1.3
        version: 3.1.3

packages:

  '@aws-crypto/sha256-browser@5.2.0':
    resolution: {integrity: sha512-AXfN/lGotSQwu6HNcEsIASo7kWXZ5HYWvfOmSNKDsEqC4OashTp8alTmaz+F7TC2L083SFv5RdB+qU3Vs1kZqw==}

  '@aws-crypto/sha256-js@5.2.0':
    resolution: {integrity: sha512-FFQQyu7edu4ufvIZ+OadFpHHOt+eSTBaYaki44c+akjg7qZg9oOQeLlk77F6tSYqjDAFClrHJk9tMf0HdVyOvA==}
    engines: {node: '>=16.0.0'}

  '@aws-crypto/supports-web-crypto@5.2.0':
    resolution: {integrity: sha512-iAvUotm021kM33eCdNfwIN//F77/IADDSs58i+MDaOqFrVjZo9bAal0NK7HurRuWLLpF1iLX7gbWrjHjeo+YFg==}

  '@aws-crypto/util@5.2.0':
    resolution: {integrity: sha512-4RkU9EsI6ZpBve5fseQlGNUWKMa1RLPQ1dnjnQoe07ldfIzcsGb5hC5W0Dm7u423KWzawlrpbjXBrXCEv9zazQ==}

  '@aws-sdk/client-dynamodb@3.648.0':
    resolution: {integrity: sha512-61yU6wQRlwOhD0mfJS/N8SYmv9hxkVYGKsXqSJ5PNNnySutoNof7cmX8cTuijpTQqLL9sKPfvPMlJCv7/M1AiA==}
    engines: {node: '>=16.0.0'}

  '@aws-sdk/client-sso-oidc@3.645.0':
    resolution: {integrity: sha512-X9ULtdk3cO+1ysurEkJ1MSnu6U00qodXx+IVual+1jXX4RYY1WmQmfo7uDKf6FFkz7wW1DAqU+GJIBNQr0YH8A==}
    engines: {node: '>=16.0.0'}
    peerDependencies:
      '@aws-sdk/client-sts': ^3.645.0

  '@aws-sdk/client-sso@3.645.0':
    resolution: {integrity: sha512-2rc8TjnsNddOeKQ/pfNN7deNvGLXAeKeYtHtGDAiM2qfTKxd2sNcAsZ+JCDLyshuD4xLM5fpUyR0X8As9EAouQ==}
    engines: {node: '>=16.0.0'}

  '@aws-sdk/client-sts@3.645.0':
    resolution: {integrity: sha512-6azXYtvtnAsPf2ShN9vKynIYVcJOpo6IoVmoMAVgNaBJyllP+s/RORzranYZzckqfmrudSxtct4rVapjLWuAMg==}
    engines: {node: '>=16.0.0'}

  '@aws-sdk/core@3.635.0':
    resolution: {integrity: sha512-i1x/E/sgA+liUE1XJ7rj1dhyXpAKO1UKFUcTTHXok2ARjWTvszHnSXMOsB77aPbmn0fUp1JTx2kHUAZ1LVt5Bg==}
    engines: {node: '>=16.0.0'}

  '@aws-sdk/credential-provider-env@3.620.1':
    resolution: {integrity: sha512-ExuILJ2qLW5ZO+rgkNRj0xiAipKT16Rk77buvPP8csR7kkCflT/gXTyzRe/uzIiETTxM7tr8xuO9MP/DQXqkfg==}
    engines: {node: '>=16.0.0'}

  '@aws-sdk/credential-provider-http@3.635.0':
    resolution: {integrity: sha512-iJyRgEjOCQlBMXqtwPLIKYc7Bsc6nqjrZybdMDenPDa+kmLg7xh8LxHsu9088e+2/wtLicE34FsJJIfzu3L82g==}
    engines: {node: '>=16.0.0'}

  '@aws-sdk/credential-provider-ini@3.645.0':
    resolution: {integrity: sha512-LlZW0qwUwNlTaAIDCNpLbPsyXvS42pRIwF92fgtCQedmdnpN3XRUC6hcwSYI7Xru3GGKp3RnceOvsdOaRJORsw==}
    engines: {node: '>=16.0.0'}
    peerDependencies:
      '@aws-sdk/client-sts': ^3.645.0

  '@aws-sdk/credential-provider-node@3.645.0':
    resolution: {integrity: sha512-eGFFuNvLeXjCJf5OCIuSEflxUowmK+bCS+lK4M8ofsYOEGAivdx7C0UPxNjHpvM8wKd8vpMl5phTeS9BWX5jMQ==}
    engines: {node: '>=16.0.0'}

  '@aws-sdk/credential-provider-process@3.620.1':
    resolution: {integrity: sha512-hWqFMidqLAkaV9G460+1at6qa9vySbjQKKc04p59OT7lZ5cO5VH5S4aI05e+m4j364MBROjjk2ugNvfNf/8ILg==}
    engines: {node: '>=16.0.0'}

  '@aws-sdk/credential-provider-sso@3.645.0':
    resolution: {integrity: sha512-d6XuChAl5NCsCrUexc6AFb4efPmb9+66iwPylKG+iMTMYgO1ackfy1Q2/f35jdn0jolkPkzKsVyfzsEVoID6ew==}
    engines: {node: '>=16.0.0'}

  '@aws-sdk/credential-provider-web-identity@3.621.0':
    resolution: {integrity: sha512-w7ASSyfNvcx7+bYGep3VBgC3K6vEdLmlpjT7nSIHxxQf+WSdvy+HynwJosrpZax0sK5q0D1Jpn/5q+r5lwwW6w==}
    engines: {node: '>=16.0.0'}
    peerDependencies:
      '@aws-sdk/client-sts': ^3.621.0

  '@aws-sdk/endpoint-cache@3.572.0':
    resolution: {integrity: sha512-CzuRWMj/xtN9p9eP915nlPmlyniTzke732Ow/M60++gGgB3W+RtZyFftw3TEx+NzNhd1tH54dEcGiWdiNaBz3Q==}
    engines: {node: '>=16.0.0'}

  '@aws-sdk/middleware-endpoint-discovery@3.620.0':
    resolution: {integrity: sha512-T6kuydHBF4BPP5CVH53Fze7c2b9rqxWP88XrGtmNMXXdY4sXur1v/itGdS2l3gqRjxKo0LsmjmuQm9zL4vGneQ==}
    engines: {node: '>=16.0.0'}

  '@aws-sdk/middleware-host-header@3.620.0':
    resolution: {integrity: sha512-VMtPEZwqYrII/oUkffYsNWY9PZ9xpNJpMgmyU0rlDQ25O1c0Hk3fJmZRe6pEkAJ0omD7kLrqGl1DUjQVxpd/Rg==}
    engines: {node: '>=16.0.0'}

  '@aws-sdk/middleware-logger@3.609.0':
    resolution: {integrity: sha512-S62U2dy4jMDhDFDK5gZ4VxFdWzCtLzwbYyFZx2uvPYTECkepLUfzLic2BHg2Qvtu4QjX+oGE3P/7fwaGIsGNuQ==}
    engines: {node: '>=16.0.0'}

  '@aws-sdk/middleware-recursion-detection@3.620.0':
    resolution: {integrity: sha512-nh91S7aGK3e/o1ck64sA/CyoFw+gAYj2BDOnoNa6ouyCrVJED96ZXWbhye/fz9SgmNUZR2g7GdVpiLpMKZoI5w==}
    engines: {node: '>=16.0.0'}

  '@aws-sdk/middleware-user-agent@3.645.0':
    resolution: {integrity: sha512-NpTAtqWK+49lRuxfz7st9for80r4NriCMK0RfdJSoPFVntjsSQiQ7+2nW2XL05uVY633e9DvCAw8YatX3zd1mw==}
    engines: {node: '>=16.0.0'}

  '@aws-sdk/region-config-resolver@3.614.0':
    resolution: {integrity: sha512-vDCeMXvic/LU0KFIUjpC3RiSTIkkvESsEfbVHiHH0YINfl8HnEqR5rj+L8+phsCeVg2+LmYwYxd5NRz4PHxt5g==}
    engines: {node: '>=16.0.0'}

  '@aws-sdk/token-providers@3.614.0':
    resolution: {integrity: sha512-okItqyY6L9IHdxqs+Z116y5/nda7rHxLvROxtAJdLavWTYDydxrZstImNgGWTeVdmc0xX2gJCI77UYUTQWnhRw==}
    engines: {node: '>=16.0.0'}
    peerDependencies:
      '@aws-sdk/client-sso-oidc': ^3.614.0

  '@aws-sdk/types@3.609.0':
    resolution: {integrity: sha512-+Tqnh9w0h2LcrUsdXyT1F8mNhXz+tVYBtP19LpeEGntmvHwa2XzvLUCWpoIAIVsHp5+HdB2X9Sn0KAtmbFXc2Q==}
    engines: {node: '>=16.0.0'}

  '@aws-sdk/util-endpoints@3.645.0':
    resolution: {integrity: sha512-Oe+xaU4ic4PB1k3pb5VTC1/MWES13IlgpaQw01bVHGfwP6Yv6zZOxizRzca2Y3E+AyR+nKD7vXtHRY+w3bi4bg==}
    engines: {node: '>=16.0.0'}

  '@aws-sdk/util-locate-window@3.208.0':
    resolution: {integrity: sha512-iua1A2+P7JJEDHVgvXrRJSvsnzG7stYSGQnBVphIUlemwl6nN5D+QrgbjECtrbxRz8asYFHSzhdhECqN+tFiBg==}
    engines: {node: '>=14.0.0'}

  '@aws-sdk/util-user-agent-browser@3.609.0':
    resolution: {integrity: sha512-fojPU+mNahzQ0YHYBsx0ZIhmMA96H+ZIZ665ObU9tl+SGdbLneVZVikGve+NmHTQwHzwkFsZYYnVKAkreJLAtA==}

  '@aws-sdk/util-user-agent-node@3.614.0':
    resolution: {integrity: sha512-15ElZT88peoHnq5TEoEtZwoXTXRxNrk60TZNdpl/TUBJ5oNJ9Dqb5Z4ryb8ofN6nm9aFf59GVAerFDz8iUoHBA==}
    engines: {node: '>=16.0.0'}
    peerDependencies:
      aws-crt: '>=1.0.0'
    peerDependenciesMeta:
      aws-crt:
        optional: true

  '@smithy/abort-controller@3.1.2':
    resolution: {integrity: sha512-b5g+PNujlfqIib9BjkNB108NyO5aZM/RXjfOCXRCqXQ1oPnIkfvdORrztbGgCZdPe/BN/MKDlrGA7PafKPM2jw==}
    engines: {node: '>=16.0.0'}

  '@smithy/config-resolver@3.0.6':
    resolution: {integrity: sha512-j7HuVNoRd8EhcFp0MzcUb4fG40C7BcyshH+fAd3Jhd8bINNFvEQYBrZoS/SK6Pun9WPlfoI8uuU2SMz8DsEGlA==}
    engines: {node: '>=16.0.0'}

  '@smithy/core@2.4.1':
    resolution: {integrity: sha512-7cts7/Oni7aCHebHGiBeWoz5z+vmH+Vx2Z/UW3XtXMslcxI3PEwBZxNinepwZjixS3n12fPc247PHWmjU7ndsQ==}
    engines: {node: '>=16.0.0'}

  '@smithy/credential-provider-imds@3.2.1':
    resolution: {integrity: sha512-4z/oTWpRF2TqQI3aCM89/PWu3kim58XU4kOCTtuTJnoaS4KT95cPWMxbQfTN2vzcOe96SOKO8QouQW/+ESB1fQ==}
    engines: {node: '>=16.0.0'}

  '@smithy/fetch-http-handler@3.2.5':
    resolution: {integrity: sha512-DjRtGmK8pKQMIo9+JlAKUt14Z448bg8nAN04yKIvlrrpmpRSG57s5d2Y83npks1r4gPtTRNbAFdQCoj9l3P2KQ==}

  '@smithy/hash-node@3.0.4':
    resolution: {integrity: sha512-6FgTVqEfCr9z/7+Em8BwSkJKA2y3krf1em134x3yr2NHWVCo2KYI8tcA53cjeO47y41jwF84ntsEE0Pe6pNKlg==}
    engines: {node: '>=16.0.0'}

  '@smithy/invalid-dependency@3.0.4':
    resolution: {integrity: sha512-MJBUrojC4SEXi9aJcnNOE3oNAuYNphgCGFXscaCj2TA/59BTcXhzHACP8jnnEU3n4yir/NSLKzxqez0T4x4tjA==}

  '@smithy/is-array-buffer@2.2.0':
    resolution: {integrity: sha512-GGP3O9QFD24uGeAXYUjwSTXARoqpZykHadOmA8G5vfJPK0/DC67qa//0qvqrJzL1xc8WQWX7/yc7fwudjPHPhA==}
    engines: {node: '>=14.0.0'}

  '@smithy/is-array-buffer@3.0.0':
    resolution: {integrity: sha512-+Fsu6Q6C4RSJiy81Y8eApjEB5gVtM+oFKTffg+jSuwtvomJJrhUJBu2zS8wjXSgH/g1MKEWrzyChTBe6clb5FQ==}
    engines: {node: '>=16.0.0'}

  '@smithy/middleware-content-length@3.0.6':
    resolution: {integrity: sha512-AFyHCfe8rumkJkz+hCOVJmBagNBj05KypyDwDElA4TgMSA4eYDZRjVePFZuyABrJZFDc7uVj3dpFIDCEhf59SA==}
    engines: {node: '>=16.0.0'}

  '@smithy/middleware-endpoint@3.1.1':
    resolution: {integrity: sha512-Irv+soW8NKluAtFSEsF8O3iGyLxa5oOevJb/e1yNacV9H7JP/yHyJuKST5YY2ORS1+W34VR8EuUrOF+K29Pl4g==}
    engines: {node: '>=16.0.0'}

  '@smithy/middleware-retry@3.0.16':
    resolution: {integrity: sha512-08kI36p1yB4CWO3Qi+UQxjzobt8iQJpnruF0K5BkbZmA/N/sJ51A1JJGJ36GgcbFyPfWw2FU48S5ZoqXt0h0jw==}
    engines: {node: '>=16.0.0'}

  '@smithy/middleware-serde@3.0.4':
    resolution: {integrity: sha512-1lPDB2O6IJ50Ucxgn7XrvZXbbuI48HmPCcMTuSoXT1lDzuTUfIuBjgAjpD8YLVMfnrjdepi/q45556LA51Pubw==}
    engines: {node: '>=16.0.0'}

  '@smithy/middleware-stack@3.0.4':
    resolution: {integrity: sha512-sLMRjtMCqtVcrOqaOZ10SUnlFE25BSlmLsi4bRSGFD7dgR54eqBjfqkVkPBQyrKBortfGM0+2DJoUPcGECR+nQ==}
    engines: {node: '>=16.0.0'}

  '@smithy/node-config-provider@3.1.5':
    resolution: {integrity: sha512-dq/oR3/LxgCgizVk7in7FGTm0w9a3qM4mg3IIXLTCHeW3fV+ipssSvBZ2bvEx1+asfQJTyCnVLeYf7JKfd9v3Q==}
    engines: {node: '>=16.0.0'}

  '@smithy/node-http-handler@3.2.0':
    resolution: {integrity: sha512-5TFqaABbiY7uJMKbqR4OARjwI/l4TRoysDJ75pLpVQyO3EcmeloKYwDGyCtgB9WJniFx3BMkmGCB9+j+QiB+Ww==}
    engines: {node: '>=16.0.0'}

  '@smithy/property-provider@3.1.4':
    resolution: {integrity: sha512-BmhefQbfkSl9DeU0/e6k9N4sT5bya5etv2epvqLUz3eGyfRBhtQq60nDkc1WPp4c+KWrzK721cUc/3y0f2psPQ==}
    engines: {node: '>=16.0.0'}

  '@smithy/protocol-http@4.1.1':
    resolution: {integrity: sha512-Fm5+8LkeIus83Y8jTL1XHsBGP8sPvE1rEVyKf/87kbOPTbzEDMcgOlzcmYXat2h+nC3wwPtRy8hFqtJS71+Wow==}
    engines: {node: '>=16.0.0'}

  '@smithy/querystring-builder@3.0.4':
    resolution: {integrity: sha512-NEoPAsZPdpfVbF98qm8i5k1XMaRKeEnO47CaL5ja6Y1Z2DgJdwIJuJkTJypKm/IKfp8gc0uimIFLwhml8+/pAw==}
    engines: {node: '>=16.0.0'}

  '@smithy/querystring-parser@3.0.4':
    resolution: {integrity: sha512-7CHPXffFcakFzhO0OZs/rn6fXlTHrSDdLhIT6/JIk1u2bvwguTL3fMCc1+CfcbXA7TOhjWXu3TcB1EGMqJQwHg==}
    engines: {node: '>=16.0.0'}

  '@smithy/service-error-classification@3.0.4':
    resolution: {integrity: sha512-KciDHHKFVTb9A1KlJHBt2F26PBaDtoE23uTZy5qRvPzHPqrooXFi6fmx98lJb3Jl38PuUTqIuCUmmY3pacuMBQ==}
    engines: {node: '>=16.0.0'}

  '@smithy/shared-ini-file-loader@3.1.5':
    resolution: {integrity: sha512-6jxsJ4NOmY5Du4FD0enYegNJl4zTSuKLiChIMqIkh+LapxiP7lmz5lYUNLE9/4cvA65mbBmtdzZ8yxmcqM5igg==}
    engines: {node: '>=16.0.0'}

  '@smithy/signature-v4@4.1.1':
    resolution: {integrity: sha512-SH9J9be81TMBNGCmjhrgMWu4YSpQ3uP1L06u/K9SDrE2YibUix1qxedPCxEQu02At0P0SrYDjvz+y91vLG0KRQ==}
    engines: {node: '>=16.0.0'}

  '@smithy/smithy-client@3.3.0':
    resolution: {integrity: sha512-H32nVo8tIX82kB0xI2LBrIcj8jx/3/ITotNLbeG1UL0b3b440YPR/hUvqjFJiaB24pQrMjRbU8CugqH5sV0hkw==}
    engines: {node: '>=16.0.0'}

  '@smithy/types@3.4.0':
    resolution: {integrity: sha512-0shOWSg/pnFXPcsSU8ZbaJ4JBHZJPPzLCJxafJvbMVFo9l1w81CqpgUqjlKGNHVrVB7fhIs+WS82JDTyzaLyLA==}
    engines: {node: '>=16.0.0'}

  '@smithy/url-parser@3.0.4':
    resolution: {integrity: sha512-XdXfObA8WrloavJYtDuzoDhJAYc5rOt+FirFmKBRKaihu7QtU/METAxJgSo7uMK6hUkx0vFnqxV75urtRaLkLg==}

  '@smithy/util-base64@3.0.0':
    resolution: {integrity: sha512-Kxvoh5Qtt0CDsfajiZOCpJxgtPHXOKwmM+Zy4waD43UoEMA+qPxxa98aE/7ZhdnBFZFXMOiBR5xbcaMhLtznQQ==}
    engines: {node: '>=16.0.0'}

  '@smithy/util-body-length-browser@3.0.0':
    resolution: {integrity: sha512-cbjJs2A1mLYmqmyVl80uoLTJhAcfzMOyPgjwAYusWKMdLeNtzmMz9YxNl3/jRLoxSS3wkqkf0jwNdtXWtyEBaQ==}

  '@smithy/util-body-length-node@3.0.0':
    resolution: {integrity: sha512-Tj7pZ4bUloNUP6PzwhN7K386tmSmEET9QtQg0TgdNOnxhZvCssHji+oZTUIuzxECRfG8rdm2PMw2WCFs6eIYkA==}
    engines: {node: '>=16.0.0'}

  '@smithy/util-buffer-from@2.2.0':
    resolution: {integrity: sha512-IJdWBbTcMQ6DA0gdNhh/BwrLkDR+ADW5Kr1aZmd4k3DIF6ezMV4R2NIAmT08wQJ3yUK82thHWmC/TnK/wpMMIA==}
    engines: {node: '>=14.0.0'}

  '@smithy/util-buffer-from@3.0.0':
    resolution: {integrity: sha512-aEOHCgq5RWFbP+UDPvPot26EJHjOC+bRgse5A8V3FSShqd5E5UN4qc7zkwsvJPPAVsf73QwYcHN1/gt/rtLwQA==}
    engines: {node: '>=16.0.0'}

  '@smithy/util-config-provider@3.0.0':
    resolution: {integrity: sha512-pbjk4s0fwq3Di/ANL+rCvJMKM5bzAQdE5S/6RL5NXgMExFAi6UgQMPOm5yPaIWPpr+EOXKXRonJ3FoxKf4mCJQ==}
    engines: {node: '>=16.0.0'}

  '@smithy/util-defaults-mode-browser@3.0.16':
    resolution: {integrity: sha512-Os8ddfNBe7hmc5UMWZxygIHCyAqY0aWR8Wnp/aKbti3f8Df/r0J9ttMZIxeMjsFgtVjEryB0q7SGcwBsHk8WEw==}
    engines: {node: '>= 10.0.0'}

  '@smithy/util-defaults-mode-node@3.0.16':
    resolution: {integrity: sha512-rNhFIYRtrOrrhRlj6RL8jWA6/dcwrbGYAmy8+OAHjjzQ6zdzUBB1P+3IuJAgwWN6Y5GxI+mVXlM/pOjaoIgHow==}
    engines: {node: '>= 10.0.0'}

  '@smithy/util-endpoints@2.1.0':
    resolution: {integrity: sha512-ilS7/0jcbS2ELdg0fM/4GVvOiuk8/U3bIFXUW25xE1Vh1Ol4DP6vVHQKqM40rCMizCLmJ9UxK+NeJrKlhI3HVA==}
    engines: {node: '>=16.0.0'}

  '@smithy/util-hex-encoding@3.0.0':
    resolution: {integrity: sha512-eFndh1WEK5YMUYvy3lPlVmYY/fZcQE1D8oSf41Id2vCeIkKJXPcYDCZD+4+xViI6b1XSd7tE+s5AmXzz5ilabQ==}
    engines: {node: '>=16.0.0'}

  '@smithy/util-middleware@3.0.4':
    resolution: {integrity: sha512-uSXHTBhstb1c4nHdmQEdkNMv9LiRNaJ/lWV2U/GO+5F236YFpdPw+hyWI9Zc0Rp9XKzwD9kVZvhZmEgp0UCVnA==}
    engines: {node: '>=16.0.0'}

  '@smithy/util-retry@3.0.4':
    resolution: {integrity: sha512-JJr6g0tO1qO2tCQyK+n3J18r34ZpvatlFN5ULcLranFIBZPxqoivb77EPyNTVwTGMEvvq2qMnyjm4jMIxjdLFg==}
    engines: {node: '>=16.0.0'}

  '@smithy/util-stream@3.1.4':
    resolution: {integrity: sha512-txU3EIDLhrBZdGfon6E9V6sZz/irYnKFMblz4TLVjyq8hObNHNS2n9a2t7GIrl7d85zgEPhwLE0gANpZsvpsKg==}
    engines: {node: '>=16.0.0'}

  '@smithy/util-uri-escape@3.0.0':
    resolution: {integrity: sha512-LqR7qYLgZTD7nWLBecUi4aqolw8Mhza9ArpNEQ881MJJIU2sE5iHCK6TdyqqzcDLy0OPe10IY4T8ctVdtynubg==}
    engines: {node: '>=16.0.0'}

  '@smithy/util-utf8@2.3.0':
    resolution: {integrity: sha512-R8Rdn8Hy72KKcebgLiv8jQcQkXoLMOGGv5uI1/k0l+snqkOzQ1R0ChUBCxWMlBsFMekWjq0wRudIweFs7sKT5A==}
    engines: {node: '>=14.0.0'}

  '@smithy/util-utf8@3.0.0':
    resolution: {integrity: sha512-rUeT12bxFnplYDe815GXbq/oixEGHfRFFtcTF3YdDi/JaENIM6aSYYLJydG83UNzLXeRI5K8abYd/8Sp/QM0kA==}
    engines: {node: '>=16.0.0'}

  '@smithy/util-waiter@3.1.3':
    resolution: {integrity: sha512-OU0YllH51/CxD8iyr3UHSMwYqTGTyuxFdCMH/0F978t+iDmJseC/ttrWPb22zmYkhkrjqtipzC1xaMuax5QKIA==}
    engines: {node: '>=16.0.0'}

  abbrev@1.1.1:
    resolution: {integrity: sha512-nne9/IiQ/hzIhY6pdDnbBtz7DjPTKrY00P/zvPSm5pOFkl6xuGrGnXn/VtTNNfNtAfZ9/1RtehkszU9qcTii0Q==}

  anymatch@3.1.3:
    resolution: {integrity: sha512-KMReFUr0B4t+D+OBkjR3KYqvocp2XaSzO55UcB6mgQMd3KbcE+mWTyvVV7D/zsdEbNnV6acZUutkiHQXvTr1Rw==}
    engines: {node: '>= 8'}

  balanced-match@1.0.2:
    resolution: {integrity: sha512-3oSeUO0TMV67hN1AmbXsK4yaqU7tjiHlbxRDZOpH0KW9+CeX4bRAaX0Anxt0tx2MrpRpWwQaPwIlISEJhYU5Pw==}

  binary-extensions@2.2.0:
    resolution: {integrity: sha512-jDctJ/IVQbZoJykoeHbhXpOlNBqGNcwXJKJog42E5HDPUwQTSdjCHdihjj0DlnheQ7blbT6dHOafNAiS8ooQKA==}
    engines: {node: '>=8'}

  bowser@2.11.0:
    resolution: {integrity: sha512-AlcaJBi/pqqJBIQ8U9Mcpc9i8Aqxn88Skv5d+xBX006BY5u8N3mGLHa5Lgppa7L/HfwgwLgZ6NYs+Ag6uUmJRA==}

  brace-expansion@1.1.11:
    resolution: {integrity: sha512-iCuPHDFgrHX7H2vEI/5xpz07zSHB00TpugqhmYtVmMO6518mCuRMoOYFldEBl0g187ufozdaHgWKcYFb61qGiA==}

  braces@3.0.3:
    resolution: {integrity: sha512-yQbXgO/OSZVD2IsiLlro+7Hf6Q18EJrKSEsdoMzKePKXct3gvD8oLcOQdIzGupr5Fj+EDe8gO/lxc1BzfMpxvA==}
    engines: {node: '>=8'}

  chokidar@3.5.3:
    resolution: {integrity: sha512-Dr3sfKRP6oTcjf2JmUmFJfeVMvXBdegxB0iVQ5eb2V10uFJUCAS8OByZdVAyVb8xXNz3GjjTgj9kLWsZTqE6kw==}
    engines: {node: '>= 8.10.0'}

  concat-map@0.0.1:
    resolution: {integrity: sha512-/Srv4dswyQNBfohGpz9o6Yb3Gz3SrUDqBH5rTuhGR7ahtlbYKnVxw2bCFMRljaA7EXHaXZ8wsHdodFvbkhKmqg==}

  debug@4.3.5:
    resolution: {integrity: sha512-pt0bNEmneDIvdL1Xsd9oDQ/wrQRkXDT4AUWlNZNPKvW5x/jyO9VFXkJUP07vQ2upmw5PlaITaPKc31jK13V+jg==}
    engines: {node: '>=6.0'}
    peerDependencies:
      supports-color: '*'
    peerDependenciesMeta:
      supports-color:
        optional: true

  fast-xml-parser@4.4.1:
    resolution: {integrity: sha512-xkjOecfnKGkSsOwtZ5Pz7Us/T6mrbPQrq0nh+aCO5V9nk5NLWmasAHumTKjiPJPWANe+kAZ84Jc8ooJkzZ88Sw==}
    hasBin: true

  fill-range@7.1.1:
    resolution: {integrity: sha512-YsGpe3WHLK8ZYi4tWDg2Jy3ebRz2rXowDxnld4bkQB00cc/1Zw9AWnC0i9ztDJitivtQvaI9KaLyKrc+hBW0yg==}
    engines: {node: '>=8'}

  fsevents@2.3.2:
    resolution: {integrity: sha512-xiqMQR4xAeHTuB9uWm+fFRcIOgKBMiOBP+eXiyT7jsgVCq1bkVygt00oASowB7EdtpOHaaPgKt812P9ab+DDKA==}
    engines: {node: ^8.16.0 || ^10.6.0 || >=11.0.0}
    os: [darwin]

  glob-parent@5.1.2:
    resolution: {integrity: sha512-AOIgSQCepiJYwP3ARnGx+5VnTu2HBYdzbGP45eLw1vr3zB3vZLeyed1sC9hnbcOc9/SrMyM5RPQrkGz4aS9Zow==}
    engines: {node: '>= 6'}

  has-flag@3.0.0:
    resolution: {integrity: sha512-sKJf1+ceQBr4SMkvQnBDNDtf4TXpVhVGateu0t918bl30FnbE2m4vNLX+VWe/dpjlb+HugGYzW7uQXH98HPEYw==}
    engines: {node: '>=4'}

  ignore-by-default@1.0.1:
    resolution: {integrity: sha512-Ius2VYcGNk7T90CppJqcIkS5ooHUZyIQK+ClZfMfMNFEF9VSE73Fq+906u/CWu92x4gzZMWOwfFYckPObzdEbA==}

  is-binary-path@2.1.0:
    resolution: {integrity: sha512-ZMERYes6pDydyuGidse7OsHxtbI7WVeUEozgR/g7rd0xUimYNlvZRE/K2MgZTjWy725IfelLeVcEM97mmtRGXw==}
    engines: {node: '>=8'}

  is-extglob@2.1.1:
    resolution: {integrity: sha512-SbKbANkN603Vi4jEZv49LeVJMn4yGwsbzZworEoyEiutsN3nJYdbO36zfhGJ6QEDpOZIFkDtnq5JRxmvl3jsoQ==}
    engines: {node: '>=0.10.0'}

  is-glob@4.0.3:
    resolution: {integrity: sha512-xelSayHH36ZgE7ZWhli7pW34hNbNl8Ojv5KVmkJD4hBdD3th8Tfk9vYasLM+mXWOZhFkgZfxhLSnrwRr4elSSg==}
    engines: {node: '>=0.10.0'}

  is-number@7.0.0:
    resolution: {integrity: sha512-41Cifkg6e8TylSpdtTpeLVMqvSBEVzTttHvERD741+pnZ8ANv0004MRL43QKPDlK9cGvNp6NZWZUBlbGXYxxng==}
    engines: {node: '>=0.12.0'}

  minimatch@3.1.2:
    resolution: {integrity: sha512-J7p63hRiAjw1NDEww1W7i37+ByIrOWO5XQQAzZ3VOcL0PNybwpfmV/N05zFAzwQ9USyEcX6t3UO+K5aqBQOIHw==}

  mnemonist@0.38.3:
    resolution: {integrity: sha512-2K9QYubXx/NAjv4VLq1d1Ly8pWNC5L3BrixtdkyTegXWJIqY+zLNDhhX/A+ZwWt70tB1S8H4BE8FLYEFyNoOBw==}

  ms@2.1.2:
    resolution: {integrity: sha512-sGkPx+VjMtmA6MX27oA4FBFELFCZZ4S4XqeGOXCv68tT+jb3vk/RyaKWP0PTKyWtmLSM0b+adUTEvbs1PEaH2w==}

  nodemon@3.1.3:
    resolution: {integrity: sha512-m4Vqs+APdKzDFpuaL9F9EVOF85+h070FnkHVEoU4+rmT6Vw0bmNl7s61VEkY/cJkL7RCv1p4urnUDUMrS5rk2w==}
    engines: {node: '>=10'}
    hasBin: true

  nopt@1.0.10:
    resolution: {integrity: sha512-NWmpvLSqUrgrAC9HCuxEvb+PSloHpqVu+FqcO4eeF2h5qYRhA7ev6KvelyQAKtegUbC6RypJnlEOhd8vloNKYg==}
    hasBin: true

  normalize-path@3.0.0:
    resolution: {integrity: sha512-6eZs5Ls3WtCisHWp9S2GUy8dqkpGi4BVSz3GaqiE6ezub0512ESztXUwUB6C6IKbQkY2Pnb/mD4WYojCRwcwLA==}
    engines: {node: '>=0.10.0'}

  obliterator@1.6.1:
    resolution: {integrity: sha512-9WXswnqINnnhOG/5SLimUlzuU1hFJUc8zkwyD59Sd+dPOMf05PmnYG/d6Q7HZ+KmgkZJa1PxRso6QdM3sTNHig==}

  picomatch@2.3.1:
    resolution: {integrity: sha512-JU3teHTNjmE2VCGFzuY8EXzCDVwEqB2a8fsIvwaStHhAWJEeVd1o1QD80CU6+ZdEXXSLbSsuLwJjkCBWqRQUVA==}
    engines: {node: '>=8.6'}

  pstree.remy@1.1.8:
    resolution: {integrity: sha512-77DZwxQmxKnu3aR542U+X8FypNzbfJ+C5XQDk3uWjWxn6151aIMGthWYRXTqT1E5oJvg+ljaa2OJi+VfvCOQ8w==}

  readdirp@3.6.0:
    resolution: {integrity: sha512-hOS089on8RduqdbhvQ5Z37A0ESjsqz6qnRcffsMU3495FuTdqSm+7bhJ29JvIOsBDEEnan5DPu9t3To9VRlMzA==}
    engines: {node: '>=8.10.0'}

  semver@7.6.2:
    resolution: {integrity: sha512-FNAIBWCx9qcRhoHcgcJ0gvU7SN1lYU2ZXuSfl04bSC5OpvDHFyJCjdNHomPXxjQlCBU67YW64PzY7/VIEH7F2w==}
    engines: {node: '>=10'}
    hasBin: true

  simple-update-notifier@2.0.0:
    resolution: {integrity: sha512-a2B9Y0KlNXl9u/vsW6sTIu9vGEpfKu2wRV6l1H3XEas/0gUIzGzBoP/IouTcUQbm9JWZLH3COxyn03TYlFax6w==}
    engines: {node: '>=10'}

  strnum@1.0.5:
    resolution: {integrity: sha512-J8bbNyKKXl5qYcR36TIO8W3mVGVHrmmxsd5PAItGkmyzwJvybiw2IVq5nqd0i4LSNSkB/sx9VHllbfFdr9k1JA==}

  supports-color@5.5.0:
    resolution: {integrity: sha512-QjVjwdXIt408MIiAqCX4oUKsgU2EqAGzs2Ppkm4aQYbjm+ZEWEcW4SfFNTr4uMNZma0ey4f5lgLrkB0aX0QMow==}
    engines: {node: '>=4'}

  to-regex-range@5.0.1:
    resolution: {integrity: sha512-65P7iz6X5yEr1cwcgvQxbbIw7Uk3gOy5dIdtZ4rDveLqhrdJP+Li/Hx6tyK0NEb+2GCyneCMJiGqrADCSNk8sQ==}
    engines: {node: '>=8.0'}

  touch@3.1.0:
    resolution: {integrity: sha512-WBx8Uy5TLtOSRtIq+M03/sKDrXCLHxwDcquSP2c43Le03/9serjQBIztjRz6FkJez9D/hleyAXTBGLwwZUw9lA==}
    hasBin: true

  tslib@2.6.3:
    resolution: {integrity: sha512-xNvxJEOUiWPGhUuUdQgAJPKOOJfGnIyKySOc09XkKsgdUV/3E2zvwZYdejjmRgPCgcym1juLH3226yA7sEFJKQ==}

  undefsafe@2.0.5:
    resolution: {integrity: sha512-WxONCrssBM8TSPRqN5EmsjVrsv4A8X12J4ArBiiayv3DyyG3ZlIg6yysuuSYdZsVz3TKcTg2fd//Ujd4CHV1iA==}

  uuid@9.0.1:
    resolution: {integrity: sha512-b+1eJOlsR9K8HJpow9Ok3fiWOWSIcIzXodvv0rQjVoOVNpWMpxf1wZNpt4y9h10odCNrqnYp1OBzRktckBe3sA==}
    hasBin: true

snapshots:

  '@aws-crypto/sha256-browser@5.2.0':
    dependencies:
      '@aws-crypto/sha256-js': 5.2.0
      '@aws-crypto/supports-web-crypto': 5.2.0
      '@aws-crypto/util': 5.2.0
      '@aws-sdk/types': 3.609.0
      '@aws-sdk/util-locate-window': 3.208.0
      '@smithy/util-utf8': 2.3.0
      tslib: 2.6.3

  '@aws-crypto/sha256-js@5.2.0':
    dependencies:
      '@aws-crypto/util': 5.2.0
      '@aws-sdk/types': 3.609.0
      tslib: 2.6.3

  '@aws-crypto/supports-web-crypto@5.2.0':
    dependencies:
      tslib: 2.6.3

  '@aws-crypto/util@5.2.0':
    dependencies:
      '@aws-sdk/types': 3.609.0
      '@smithy/util-utf8': 2.3.0
      tslib: 2.6.3

  '@aws-sdk/client-dynamodb@3.648.0':
    dependencies:
      '@aws-crypto/sha256-browser': 5.2.0
      '@aws-crypto/sha256-js': 5.2.0
      '@aws-sdk/client-sso-oidc': 3.645.0(@aws-sdk/client-sts@3.645.0)
      '@aws-sdk/client-sts': 3.645.0
      '@aws-sdk/core': 3.635.0
      '@aws-sdk/credential-provider-node': 3.645.0(@aws-sdk/client-sso-oidc@3.645.0(@aws-sdk/client-sts@3.645.0))(@aws-sdk/client-sts@3.645.0)
      '@aws-sdk/middleware-endpoint-discovery': 3.620.0
      '@aws-sdk/middleware-host-header': 3.620.0
      '@aws-sdk/middleware-logger': 3.609.0
      '@aws-sdk/middleware-recursion-detection': 3.620.0
      '@aws-sdk/middleware-user-agent': 3.645.0
      '@aws-sdk/region-config-resolver': 3.614.0
      '@aws-sdk/types': 3.609.0
      '@aws-sdk/util-endpoints': 3.645.0
      '@aws-sdk/util-user-agent-browser': 3.609.0
      '@aws-sdk/util-user-agent-node': 3.614.0
      '@smithy/config-resolver': 3.0.6
      '@smithy/core': 2.4.1
      '@smithy/fetch-http-handler': 3.2.5
      '@smithy/hash-node': 3.0.4
      '@smithy/invalid-dependency': 3.0.4
      '@smithy/middleware-content-length': 3.0.6
      '@smithy/middleware-endpoint': 3.1.1
      '@smithy/middleware-retry': 3.0.16
      '@smithy/middleware-serde': 3.0.4
      '@smithy/middleware-stack': 3.0.4
      '@smithy/node-config-provider': 3.1.5
      '@smithy/node-http-handler': 3.2.0
      '@smithy/protocol-http': 4.1.1
      '@smithy/smithy-client': 3.3.0
      '@smithy/types': 3.4.0
      '@smithy/url-parser': 3.0.4
      '@smithy/util-base64': 3.0.0
      '@smithy/util-body-length-browser': 3.0.0
      '@smithy/util-body-length-node': 3.0.0
      '@smithy/util-defaults-mode-browser': 3.0.16
      '@smithy/util-defaults-mode-node': 3.0.16
      '@smithy/util-endpoints': 2.1.0
      '@smithy/util-middleware': 3.0.4
      '@smithy/util-retry': 3.0.4
      '@smithy/util-utf8': 3.0.0
      '@smithy/util-waiter': 3.1.3
      tslib: 2.6.3
      uuid: 9.0.1
    transitivePeerDependencies:
      - aws-crt

  '@aws-sdk/client-sso-oidc@3.645.0(@aws-sdk/client-sts@3.645.0)':
    dependencies:
      '@aws-crypto/sha256-browser': 5.2.0
      '@aws-crypto/sha256-js': 5.2.0
      '@aws-sdk/client-sts': 3.645.0
      '@aws-sdk/core': 3.635.0
      '@aws-sdk/credential-provider-node': 3.645.0(@aws-sdk/client-sso-oidc@3.645.0(@aws-sdk/client-sts@3.645.0))(@aws-sdk/client-sts@3.645.0)
      '@aws-sdk/middleware-host-header': 3.620.0
      '@aws-sdk/middleware-logger': 3.609.0
      '@aws-sdk/middleware-recursion-detection': 3.620.0
      '@aws-sdk/middleware-user-agent': 3.645.0
      '@aws-sdk/region-config-resolver': 3.614.0
      '@aws-sdk/types': 3.609.0
      '@aws-sdk/util-endpoints': 3.645.0
      '@aws-sdk/util-user-agent-browser': 3.609.0
      '@aws-sdk/util-user-agent-node': 3.614.0
      '@smithy/config-resolver': 3.0.6
      '@smithy/core': 2.4.1
      '@smithy/fetch-http-handler': 3.2.5
      '@smithy/hash-node': 3.0.4
      '@smithy/invalid-dependency': 3.0.4
      '@smithy/middleware-content-length': 3.0.6
      '@smithy/middleware-endpoint': 3.1.1
      '@smithy/middleware-retry': 3.0.16
      '@smithy/middleware-serde': 3.0.4
      '@smithy/middleware-stack': 3.0.4
      '@smithy/node-config-provider': 3.1.5
      '@smithy/node-http-handler': 3.2.0
      '@smithy/protocol-http': 4.1.1
      '@smithy/smithy-client': 3.3.0
      '@smithy/types': 3.4.0
      '@smithy/url-parser': 3.0.4
      '@smithy/util-base64': 3.0.0
      '@smithy/util-body-length-browser': 3.0.0
      '@smithy/util-body-length-node': 3.0.0
      '@smithy/util-defaults-mode-browser': 3.0.16
      '@smithy/util-defaults-mode-node': 3.0.16
      '@smithy/util-endpoints': 2.1.0
      '@smithy/util-middleware': 3.0.4
      '@smithy/util-retry': 3.0.4
      '@smithy/util-utf8': 3.0.0
      tslib: 2.6.3
    transitivePeerDependencies:
      - aws-crt

  '@aws-sdk/client-sso@3.645.0':
    dependencies:
      '@aws-crypto/sha256-browser': 5.2.0
      '@aws-crypto/sha256-js': 5.2.0
      '@aws-sdk/core': 3.635.0
      '@aws-sdk/middleware-host-header': 3.620.0
      '@aws-sdk/middleware-logger': 3.609.0
      '@aws-sdk/middleware-recursion-detection': 3.620.0
      '@aws-sdk/middleware-user-agent': 3.645.0
      '@aws-sdk/region-config-resolver': 3.614.0
      '@aws-sdk/types': 3.609.0
      '@aws-sdk/util-endpoints': 3.645.0
      '@aws-sdk/util-user-agent-browser': 3.609.0
      '@aws-sdk/util-user-agent-node': 3.614.0
      '@smithy/config-resolver': 3.0.6
      '@smithy/core': 2.4.1
      '@smithy/fetch-http-handler': 3.2.5
      '@smithy/hash-node': 3.0.4
      '@smithy/invalid-dependency': 3.0.4
      '@smithy/middleware-content-length': 3.0.6
      '@smithy/middleware-endpoint': 3.1.1
      '@smithy/middleware-retry': 3.0.16
      '@smithy/middleware-serde': 3.0.4
      '@smithy/middleware-stack': 3.0.4
      '@smithy/node-config-provider': 3.1.5
      '@smithy/node-http-handler': 3.2.0
      '@smithy/protocol-http': 4.1.1
      '@smithy/smithy-client': 3.3.0
      '@smithy/types': 3.4.0
      '@smithy/url-parser': 3.0.4
      '@smithy/util-base64': 3.0.0
      '@smithy/util-body-length-browser': 3.0.0
      '@smithy/util-body-length-node': 3.0.0
      '@smithy/util-defaults-mode-browser': 3.0.16
      '@smithy/util-defaults-mode-node': 3.0.16
      '@smithy/util-endpoints': 2.1.0
      '@smithy/util-middleware': 3.0.4
      '@smithy/util-retry': 3.0.4
      '@smithy/util-utf8': 3.0.0
      tslib: 2.6.3
    transitivePeerDependencies:
      - aws-crt

  '@aws-sdk/client-sts@3.645.0':
    dependencies:
      '@aws-crypto/sha256-browser': 5.2.0
      '@aws-crypto/sha256-js': 5.2.0
      '@aws-sdk/client-sso-oidc': 3.645.0(@aws-sdk/client-sts@3.645.0)
      '@aws-sdk/core': 3.635.0
      '@aws-sdk/credential-provider-node': 3.645.0(@aws-sdk/client-sso-oidc@3.645.0(@aws-sdk/client-sts@3.645.0))(@aws-sdk/client-sts@3.645.0)
      '@aws-sdk/middleware-host-header': 3.620.0
      '@aws-sdk/middleware-logger': 3.609.0
      '@aws-sdk/middleware-recursion-detection': 3.620.0
      '@aws-sdk/middleware-user-agent': 3.645.0
      '@aws-sdk/region-config-resolver': 3.614.0
      '@aws-sdk/types': 3.609.0
      '@aws-sdk/util-endpoints': 3.645.0
      '@aws-sdk/util-user-agent-browser': 3.609.0
      '@aws-sdk/util-user-agent-node': 3.614.0
      '@smithy/config-resolver': 3.0.6
      '@smithy/core': 2.4.1
      '@smithy/fetch-http-handler': 3.2.5
      '@smithy/hash-node': 3.0.4
      '@smithy/invalid-dependency': 3.0.4
      '@smithy/middleware-content-length': 3.0.6
      '@smithy/middleware-endpoint': 3.1.1
      '@smithy/middleware-retry': 3.0.16
      '@smithy/middleware-serde': 3.0.4
      '@smithy/middleware-stack': 3.0.4
      '@smithy/node-config-provider': 3.1.5
      '@smithy/node-http-handler': 3.2.0
      '@smithy/protocol-http': 4.1.1
      '@smithy/smithy-client': 3.3.0
      '@smithy/types': 3.4.0
      '@smithy/url-parser': 3.0.4
      '@smithy/util-base64': 3.0.0
      '@smithy/util-body-length-browser': 3.0.0
      '@smithy/util-body-length-node': 3.0.0
      '@smithy/util-defaults-mode-browser': 3.0.16
      '@smithy/util-defaults-mode-node': 3.0.16
      '@smithy/util-endpoints': 2.1.0
      '@smithy/util-middleware': 3.0.4
      '@smithy/util-retry': 3.0.4
      '@smithy/util-utf8': 3.0.0
      tslib: 2.6.3
    transitivePeerDependencies:
      - aws-crt

  '@aws-sdk/core@3.635.0':
    dependencies:
      '@smithy/core': 2.4.1
      '@smithy/node-config-provider': 3.1.5
      '@smithy/property-provider': 3.1.4
      '@smithy/protocol-http': 4.1.1
      '@smithy/signature-v4': 4.1.1
      '@smithy/smithy-client': 3.3.0
      '@smithy/types': 3.4.0
      '@smithy/util-middleware': 3.0.4
      fast-xml-parser: 4.4.1
      tslib: 2.6.3

  '@aws-sdk/credential-provider-env@3.620.1':
    dependencies:
      '@aws-sdk/types': 3.609.0
      '@smithy/property-provider': 3.1.4
      '@smithy/types': 3.4.0
      tslib: 2.6.3

  '@aws-sdk/credential-provider-http@3.635.0':
    dependencies:
      '@aws-sdk/types': 3.609.0
      '@smithy/fetch-http-handler': 3.2.5
      '@smithy/node-http-handler': 3.2.0
      '@smithy/property-provider': 3.1.4
      '@smithy/protocol-http': 4.1.1
      '@smithy/smithy-client': 3.3.0
      '@smithy/types': 3.4.0
      '@smithy/util-stream': 3.1.4
      tslib: 2.6.3

  '@aws-sdk/credential-provider-ini@3.645.0(@aws-sdk/client-sso-oidc@3.645.0(@aws-sdk/client-sts@3.645.0))(@aws-sdk/client-sts@3.645.0)':
    dependencies:
      '@aws-sdk/client-sts': 3.645.0
      '@aws-sdk/credential-provider-env': 3.620.1
      '@aws-sdk/credential-provider-http': 3.635.0
      '@aws-sdk/credential-provider-process': 3.620.1
      '@aws-sdk/credential-provider-sso': 3.645.0(@aws-sdk/client-sso-oidc@3.645.0(@aws-sdk/client-sts@3.645.0))
      '@aws-sdk/credential-provider-web-identity': 3.621.0(@aws-sdk/client-sts@3.645.0)
      '@aws-sdk/types': 3.609.0
      '@smithy/credential-provider-imds': 3.2.1
      '@smithy/property-provider': 3.1.4
      '@smithy/shared-ini-file-loader': 3.1.5
      '@smithy/types': 3.4.0
      tslib: 2.6.3
    transitivePeerDependencies:
      - '@aws-sdk/client-sso-oidc'
      - aws-crt

  '@aws-sdk/credential-provider-node@3.645.0(@aws-sdk/client-sso-oidc@3.645.0(@aws-sdk/client-sts@3.645.0))(@aws-sdk/client-sts@3.645.0)':
    dependencies:
      '@aws-sdk/credential-provider-env': 3.620.1
      '@aws-sdk/credential-provider-http': 3.635.0
      '@aws-sdk/credential-provider-ini': 3.645.0(@aws-sdk/client-sso-oidc@3.645.0(@aws-sdk/client-sts@3.645.0))(@aws-sdk/client-sts@3.645.0)
      '@aws-sdk/credential-provider-process': 3.620.1
      '@aws-sdk/credential-provider-sso': 3.645.0(@aws-sdk/client-sso-oidc@3.645.0(@aws-sdk/client-sts@3.645.0))
      '@aws-sdk/credential-provider-web-identity': 3.621.0(@aws-sdk/client-sts@3.645.0)
      '@aws-sdk/types': 3.609.0
      '@smithy/credential-provider-imds': 3.2.1
      '@smithy/property-provider': 3.1.4
      '@smithy/shared-ini-file-loader': 3.1.5
      '@smithy/types': 3.4.0
      tslib: 2.6.3
    transitivePeerDependencies:
      - '@aws-sdk/client-sso-oidc'
      - '@aws-sdk/client-sts'
      - aws-crt

  '@aws-sdk/credential-provider-process@3.620.1':
    dependencies:
      '@aws-sdk/types': 3.609.0
      '@smithy/property-provider': 3.1.4
      '@smithy/shared-ini-file-loader': 3.1.5
      '@smithy/types': 3.4.0
      tslib: 2.6.3

  '@aws-sdk/credential-provider-sso@3.645.0(@aws-sdk/client-sso-oidc@3.645.0(@aws-sdk/client-sts@3.645.0))':
    dependencies:
      '@aws-sdk/client-sso': 3.645.0
      '@aws-sdk/token-providers': 3.614.0(@aws-sdk/client-sso-oidc@3.645.0(@aws-sdk/client-sts@3.645.0))
      '@aws-sdk/types': 3.609.0
      '@smithy/property-provider': 3.1.4
      '@smithy/shared-ini-file-loader': 3.1.5
      '@smithy/types': 3.4.0
      tslib: 2.6.3
    transitivePeerDependencies:
      - '@aws-sdk/client-sso-oidc'
      - aws-crt

  '@aws-sdk/credential-provider-web-identity@3.621.0(@aws-sdk/client-sts@3.645.0)':
    dependencies:
      '@aws-sdk/client-sts': 3.645.0
      '@aws-sdk/types': 3.609.0
      '@smithy/property-provider': 3.1.4
      '@smithy/types': 3.4.0
      tslib: 2.6.3

  '@aws-sdk/endpoint-cache@3.572.0':
    dependencies:
      mnemonist: 0.38.3
      tslib: 2.6.3

  '@aws-sdk/middleware-endpoint-discovery@3.620.0':
    dependencies:
      '@aws-sdk/endpoint-cache': 3.572.0
      '@aws-sdk/types': 3.609.0
      '@smithy/node-config-provider': 3.1.5
      '@smithy/protocol-http': 4.1.1
      '@smithy/types': 3.4.0
      tslib: 2.6.3

  '@aws-sdk/middleware-host-header@3.620.0':
    dependencies:
      '@aws-sdk/types': 3.609.0
      '@smithy/protocol-http': 4.1.1
      '@smithy/types': 3.4.0
      tslib: 2.6.3

  '@aws-sdk/middleware-logger@3.609.0':
    dependencies:
      '@aws-sdk/types': 3.609.0
      '@smithy/types': 3.4.0
      tslib: 2.6.3

  '@aws-sdk/middleware-recursion-detection@3.620.0':
    dependencies:
      '@aws-sdk/types': 3.609.0
      '@smithy/protocol-http': 4.1.1
      '@smithy/types': 3.4.0
      tslib: 2.6.3

  '@aws-sdk/middleware-user-agent@3.645.0':
    dependencies:
      '@aws-sdk/types': 3.609.0
      '@aws-sdk/util-endpoints': 3.645.0
      '@smithy/protocol-http': 4.1.1
      '@smithy/types': 3.4.0
      tslib: 2.6.3

  '@aws-sdk/region-config-resolver@3.614.0':
    dependencies:
      '@aws-sdk/types': 3.609.0
      '@smithy/node-config-provider': 3.1.5
      '@smithy/types': 3.4.0
      '@smithy/util-config-provider': 3.0.0
      '@smithy/util-middleware': 3.0.4
      tslib: 2.6.3

  '@aws-sdk/token-providers@3.614.0(@aws-sdk/client-sso-oidc@3.645.0(@aws-sdk/client-sts@3.645.0))':
    dependencies:
      '@aws-sdk/client-sso-oidc': 3.645.0(@aws-sdk/client-sts@3.645.0)
      '@aws-sdk/types': 3.609.0
      '@smithy/property-provider': 3.1.4
      '@smithy/shared-ini-file-loader': 3.1.5
      '@smithy/types': 3.4.0
      tslib: 2.6.3

  '@aws-sdk/types@3.609.0':
    dependencies:
      '@smithy/types': 3.4.0
      tslib: 2.6.3

  '@aws-sdk/util-endpoints@3.645.0':
    dependencies:
      '@aws-sdk/types': 3.609.0
      '@smithy/types': 3.4.0
      '@smithy/util-endpoints': 2.1.0
      tslib: 2.6.3

  '@aws-sdk/util-locate-window@3.208.0':
    dependencies:
      tslib: 2.6.3

  '@aws-sdk/util-user-agent-browser@3.609.0':
    dependencies:
      '@aws-sdk/types': 3.609.0
      '@smithy/types': 3.4.0
      bowser: 2.11.0
      tslib: 2.6.3

  '@aws-sdk/util-user-agent-node@3.614.0':
    dependencies:
      '@aws-sdk/types': 3.609.0
      '@smithy/node-config-provider': 3.1.5
      '@smithy/types': 3.4.0
      tslib: 2.6.3

  '@smithy/abort-controller@3.1.2':
    dependencies:
      '@smithy/types': 3.4.0
      tslib: 2.6.3

  '@smithy/config-resolver@3.0.6':
    dependencies:
      '@smithy/node-config-provider': 3.1.5
      '@smithy/types': 3.4.0
      '@smithy/util-config-provider': 3.0.0
      '@smithy/util-middleware': 3.0.4
      tslib: 2.6.3

  '@smithy/core@2.4.1':
    dependencies:
      '@smithy/middleware-endpoint': 3.1.1
      '@smithy/middleware-retry': 3.0.16
      '@smithy/middleware-serde': 3.0.4
      '@smithy/protocol-http': 4.1.1
      '@smithy/smithy-client': 3.3.0
      '@smithy/types': 3.4.0
      '@smithy/util-body-length-browser': 3.0.0
      '@smithy/util-middleware': 3.0.4
      '@smithy/util-utf8': 3.0.0
      tslib: 2.6.3

  '@smithy/credential-provider-imds@3.2.1':
    dependencies:
      '@smithy/node-config-provider': 3.1.5
      '@smithy/property-provider': 3.1.4
      '@smithy/types': 3.4.0
      '@smithy/url-parser': 3.0.4
      tslib: 2.6.3

  '@smithy/fetch-http-handler@3.2.5':
    dependencies:
      '@smithy/protocol-http': 4.1.1
      '@smithy/querystring-builder': 3.0.4
      '@smithy/types': 3.4.0
      '@smithy/util-base64': 3.0.0
      tslib: 2.6.3

  '@smithy/hash-node@3.0.4':
    dependencies:
      '@smithy/types': 3.4.0
      '@smithy/util-buffer-from': 3.0.0
      '@smithy/util-utf8': 3.0.0
      tslib: 2.6.3

  '@smithy/invalid-dependency@3.0.4':
    dependencies:
      '@smithy/types': 3.4.0
      tslib: 2.6.3

  '@smithy/is-array-buffer@2.2.0':
    dependencies:
      tslib: 2.6.3

  '@smithy/is-array-buffer@3.0.0':
    dependencies:
      tslib: 2.6.3

  '@smithy/middleware-content-length@3.0.6':
    dependencies:
      '@smithy/protocol-http': 4.1.1
      '@smithy/types': 3.4.0
      tslib: 2.6.3

  '@smithy/middleware-endpoint@3.1.1':
    dependencies:
      '@smithy/middleware-serde': 3.0.4
      '@smithy/node-config-provider': 3.1.5
      '@smithy/shared-ini-file-loader': 3.1.5
      '@smithy/types': 3.4.0
      '@smithy/url-parser': 3.0.4
      '@smithy/util-middleware': 3.0.4
      tslib: 2.6.3

  '@smithy/middleware-retry@3.0.16':
    dependencies:
      '@smithy/node-config-provider': 3.1.5
      '@smithy/protocol-http': 4.1.1
      '@smithy/service-error-classification': 3.0.4
      '@smithy/smithy-client': 3.3.0
      '@smithy/types': 3.4.0
      '@smithy/util-middleware': 3.0.4
      '@smithy/util-retry': 3.0.4
      tslib: 2.6.3
      uuid: 9.0.1

  '@smithy/middleware-serde@3.0.4':
    dependencies:
      '@smithy/types': 3.4.0
      tslib: 2.6.3

  '@smithy/middleware-stack@3.0.4':
    dependencies:
      '@smithy/types': 3.4.0
      tslib: 2.6.3

  '@smithy/node-config-provider@3.1.5':
    dependencies:
      '@smithy/property-provider': 3.1.4
      '@smithy/shared-ini-file-loader': 3.1.5
      '@smithy/types': 3.4.0
      tslib: 2.6.3

  '@smithy/node-http-handler@3.2.0':
    dependencies:
      '@smithy/abort-controller': 3.1.2
      '@smithy/protocol-http': 4.1.1
      '@smithy/querystring-builder': 3.0.4
      '@smithy/types': 3.4.0
      tslib: 2.6.3

  '@smithy/property-provider@3.1.4':
    dependencies:
      '@smithy/types': 3.4.0
      tslib: 2.6.3

  '@smithy/protocol-http@4.1.1':
    dependencies:
      '@smithy/types': 3.4.0
      tslib: 2.6.3

  '@smithy/querystring-builder@3.0.4':
    dependencies:
      '@smithy/types': 3.4.0
      '@smithy/util-uri-escape': 3.0.0
      tslib: 2.6.3

  '@smithy/querystring-parser@3.0.4':
    dependencies:
      '@smithy/types': 3.4.0
      tslib: 2.6.3

  '@smithy/service-error-classification@3.0.4':
    dependencies:
      '@smithy/types': 3.4.0

  '@smithy/shared-ini-file-loader@3.1.5':
    dependencies:
      '@smithy/types': 3.4.0
      tslib: 2.6.3

  '@smithy/signature-v4@4.1.1':
    dependencies:
      '@smithy/is-array-buffer': 3.0.0
      '@smithy/protocol-http': 4.1.1
      '@smithy/types': 3.4.0
      '@smithy/util-hex-encoding': 3.0.0
      '@smithy/util-middleware': 3.0.4
      '@smithy/util-uri-escape': 3.0.0
      '@smithy/util-utf8': 3.0.0
      tslib: 2.6.3

  '@smithy/smithy-client@3.3.0':
    dependencies:
      '@smithy/middleware-endpoint': 3.1.1
      '@smithy/middleware-stack': 3.0.4
      '@smithy/protocol-http': 4.1.1
      '@smithy/types': 3.4.0
      '@smithy/util-stream': 3.1.4
      tslib: 2.6.3

  '@smithy/types@3.4.0':
    dependencies:
      tslib: 2.6.3

  '@smithy/url-parser@3.0.4':
    dependencies:
      '@smithy/querystring-parser': 3.0.4
      '@smithy/types': 3.4.0
      tslib: 2.6.3

  '@smithy/util-base64@3.0.0':
    dependencies:
      '@smithy/util-buffer-from': 3.0.0
      '@smithy/util-utf8': 3.0.0
      tslib: 2.6.3

  '@smithy/util-body-length-browser@3.0.0':
    dependencies:
      tslib: 2.6.3

  '@smithy/util-body-length-node@3.0.0':
    dependencies:
      tslib: 2.6.3

  '@smithy/util-buffer-from@2.2.0':
    dependencies:
      '@smithy/is-array-buffer': 2.2.0
      tslib: 2.6.3

  '@smithy/util-buffer-from@3.0.0':
    dependencies:
      '@smithy/is-array-buffer': 3.0.0
      tslib: 2.6.3

  '@smithy/util-config-provider@3.0.0':
    dependencies:
      tslib: 2.6.3

  '@smithy/util-defaults-mode-browser@3.0.16':
    dependencies:
      '@smithy/property-provider': 3.1.4
      '@smithy/smithy-client': 3.3.0
      '@smithy/types': 3.4.0
      bowser: 2.11.0
      tslib: 2.6.3

  '@smithy/util-defaults-mode-node@3.0.16':
    dependencies:
      '@smithy/config-resolver': 3.0.6
      '@smithy/credential-provider-imds': 3.2.1
      '@smithy/node-config-provider': 3.1.5
      '@smithy/property-provider': 3.1.4
      '@smithy/smithy-client': 3.3.0
      '@smithy/types': 3.4.0
      tslib: 2.6.3

  '@smithy/util-endpoints@2.1.0':
    dependencies:
      '@smithy/node-config-provider': 3.1.5
      '@smithy/types': 3.4.0
      tslib: 2.6.3

  '@smithy/util-hex-encoding@3.0.0':
    dependencies:
      tslib: 2.6.3

  '@smithy/util-middleware@3.0.4':
    dependencies:
      '@smithy/types': 3.4.0
      tslib: 2.6.3

  '@smithy/util-retry@3.0.4':
    dependencies:
      '@smithy/service-error-classification': 3.0.4
      '@smithy/types': 3.4.0
      tslib: 2.6.3

  '@smithy/util-stream@3.1.4':
    dependencies:
      '@smithy/fetch-http-handler': 3.2.5
      '@smithy/node-http-handler': 3.2.0
      '@smithy/types': 3.4.0
      '@smithy/util-base64': 3.0.0
      '@smithy/util-buffer-from': 3.0.0
      '@smithy/util-hex-encoding': 3.0.0
      '@smithy/util-utf8': 3.0.0
      tslib: 2.6.3

  '@smithy/util-uri-escape@3.0.0':
    dependencies:
      tslib: 2.6.3

  '@smithy/util-utf8@2.3.0':
    dependencies:
      '@smithy/util-buffer-from': 2.2.0
      tslib: 2.6.3

  '@smithy/util-utf8@3.0.0':
    dependencies:
      '@smithy/util-buffer-from': 3.0.0
      tslib: 2.6.3

  '@smithy/util-waiter@3.1.3':
    dependencies:
      '@smithy/abort-controller': 3.1.2
      '@smithy/types': 3.4.0
      tslib: 2.6.3

  abbrev@1.1.1: {}

  anymatch@3.1.3:
    dependencies:
      normalize-path: 3.0.0
      picomatch: 2.3.1

  balanced-match@1.0.2: {}

  binary-extensions@2.2.0: {}

  bowser@2.11.0: {}

  brace-expansion@1.1.11:
    dependencies:
      balanced-match: 1.0.2
      concat-map: 0.0.1

  braces@3.0.3:
    dependencies:
      fill-range: 7.1.1

  chokidar@3.5.3:
    dependencies:
      anymatch: 3.1.3
      braces: 3.0.3
      glob-parent: 5.1.2
      is-binary-path: 2.1.0
      is-glob: 4.0.3
      normalize-path: 3.0.0
      readdirp: 3.6.0
    optionalDependencies:
      fsevents: 2.3.2

  concat-map@0.0.1: {}

  debug@4.3.5(supports-color@5.5.0):
    dependencies:
      ms: 2.1.2
    optionalDependencies:
      supports-color: 5.5.0

  fast-xml-parser@4.4.1:
    dependencies:
      strnum: 1.0.5

  fill-range@7.1.1:
    dependencies:
      to-regex-range: 5.0.1

  fsevents@2.3.2:
    optional: true

  glob-parent@5.1.2:
    dependencies:
      is-glob: 4.0.3

  has-flag@3.0.0: {}

  ignore-by-default@1.0.1: {}

  is-binary-path@2.1.0:
    dependencies:
      binary-extensions: 2.2.0

  is-extglob@2.1.1: {}

  is-glob@4.0.3:
    dependencies:
      is-extglob: 2.1.1

  is-number@7.0.0: {}

  minimatch@3.1.2:
    dependencies:
      brace-expansion: 1.1.11

  mnemonist@0.38.3:
    dependencies:
      obliterator: 1.6.1

  ms@2.1.2: {}

  nodemon@3.1.3:
    dependencies:
      chokidar: 3.5.3
      debug: 4.3.5(supports-color@5.5.0)
      ignore-by-default: 1.0.1
      minimatch: 3.1.2
      pstree.remy: 1.1.8
      semver: 7.6.2
      simple-update-notifier: 2.0.0
      supports-color: 5.5.0
      touch: 3.1.0
      undefsafe: 2.0.5

  nopt@1.0.10:
    dependencies:
      abbrev: 1.1.1

  normalize-path@3.0.0: {}

  obliterator@1.6.1: {}

  picomatch@2.3.1: {}

  pstree.remy@1.1.8: {}

  readdirp@3.6.0:
    dependencies:
      picomatch: 2.3.1

  semver@7.6.2: {}

  simple-update-notifier@2.0.0:
    dependencies:
      semver: 7.6.2

  strnum@1.0.5: {}

  supports-color@5.5.0:
    dependencies:
      has-flag: 3.0.0

  to-regex-range@5.0.1:
    dependencies:
      is-number: 7.0.0

  touch@3.1.0:
    dependencies:
      nopt: 1.0.10

  tslib@2.6.3: {}

  undefsafe@2.0.5: {}

  uuid@9.0.1: {}
